
Microsoft Visual Studio Solution File, Format Version 9.00
# Visual Studio 2005
Project("{FAE04EC0-301F-11D3-BF4B-00C04F79EFBC}") = "DAL", "DAL\DAL.csproj", "{1CF269EE-9B45-4993-A4A5-3776BBEA8B23}"
EndProject
Project("{FAE04EC0-301F-11D3-BF4B-00C04F79EFBC}") = "Model", "Model\Model.csproj", "{BC14E4A3-D31B-4CB0-85C8-35E9DE014D04}"
EndProject
Project("{FAE04EC0-301F-11D3-BF4B-00C04F79EFBC}") = "BLL", "BLL\BLL.csproj", "{8D0310E2-ADAE-4F4E-BE28-16FF8ACCC9B1}"
EndProject
Project("{E24C65DC-7377-472B-9ABA-BC803B73C61A}") = "C:\...\Web\", "Web\", "{18A3390D-BD40-4D9C-A2C0-43540921725D}"
	ProjectSection(WebsiteProperties) = preProject
		Debug.AspNetCompiler.VirtualPath = "/Web"
		Debug.AspNetCompiler.PhysicalPath = "Web\"
		Debug.AspNetCompiler.TargetPath = "PrecompiledWeb\Web\"
		Debug.AspNetCompiler.Updateable = "true"
		Debug.AspNetCompiler.ForceOverwrite = "true"
		Debug.AspNetCompiler.FixedNames = "false"
		Debug.AspNetCompiler.Debug = "True"
		Release.AspNetCompiler.VirtualPath = "/Web"
		Release.AspNetCompiler.PhysicalPath = "Web\"
		Release.AspNetCompiler.TargetPath = "PrecompiledWeb\Web\"
		Release.AspNetCompiler.Updateable = "true"
		Release.AspNetCompiler.ForceOverwrite = "true"
		Release.AspNetCompiler.FixedNames = "false"
		Release.AspNetCompiler.Debug = "False"
		VWDPort = "1237"
	EndProjectSection
EndProject
Global
	GlobalSection(SolutionConfigurationPlatforms) = preSolution
		Debug|.NET = Debug|.NET
		Debug|Any CPU = Debug|Any CPU
		Debug|Mixed Platforms = Debug|Mixed Platforms
		Release|.NET = Release|.NET
		Release|Any CPU = Release|Any CPU
		Release|Mixed Platforms = Release|Mixed Platforms
	EndGlobalSection
	GlobalSection(ProjectConfigurationPlatforms) = postSolution
		{1CF269EE-9B45-4993-A4A5-3776BBEA8B23}.Debug|.NET.ActiveCfg = Debug|Any CPU
		{1CF269EE-9B45-4993-A4A5-3776BBEA8B23}.Debug|Any CPU.ActiveCfg = Debug|Any CPU
		{1CF269EE-9B45-4993-A4A5-3776BBEA8B23}.Debug|Any CPU.Build.0 = Debug|Any CPU
		{1CF269EE-9B45-4993-A4A5-3776BBEA8B23}.Debug|Mixed Platforms.ActiveCfg = Debug|Any CPU
		{1CF269EE-9B45-4993-A4A5-3776BBEA8B23}.Debug|Mixed Platforms.Build.0 = Debug|Any CPU
		{1CF269EE-9B45-4993-A4A5-3776BBEA8B23}.Release|.NET.ActiveCfg = Release|Any CPU
		{1CF269EE-9B45-4993-A4A5-3776BBEA8B23}.Release|Any CPU.ActiveCfg = Release|Any CPU
		{1CF269EE-9B45-4993-A4A5-3776BBEA8B23}.Release|Any CPU.Build.0 = Release|Any CPU
		{1CF269EE-9B45-4993-A4A5-3776BBEA8B23}.Release|Mixed Platforms.ActiveCfg = Release|Any CPU
		{1CF269EE-9B45-4993-A4A5-3776BBEA8B23}.Release|Mixed Platforms.Build.0 = Release|Any CPU
		{BC14E4A3-D31B-4CB0-85C8-35E9DE014D04}.Debug|.NET.ActiveCfg = Debug|Any CPU
		{BC14E4A3-D31B-4CB0-85C8-35E9DE014D04}.Debug|Any CPU.ActiveCfg = Debug|Any CPU
		{BC14E4A3-D31B-4CB0-85C8-35E9DE014D04}.Debug|Any CPU.Build.0 = Debug|Any CPU
		{BC14E4A3-D31B-4CB0-85C8-35E9DE014D04}.Debug|Mixed Platforms.ActiveCfg = Debug|Any CPU
		{BC14E4A3-D31B-4CB0-85C8-35E9DE014D04}.Debug|Mixed Platforms.Build.0 = Debug|Any CPU
		{BC14E4A3-D31B-4CB0-85C8-35E9DE014D04}.Release|.NET.ActiveCfg = Release|Any CPU
		{BC14E4A3-D31B-4CB0-85C8-35E9DE014D04}.Release|Any CPU.ActiveCfg = Release|Any CPU
		{BC14E4A3-D31B-4CB0-85C8-35E9DE014D04}.Release|Any CPU.Build.0 = Release|Any CPU
		{BC14E4A3-D31B-4CB0-85C8-35E9DE014D04}.Release|Mixed Platforms.ActiveCfg = Release|Any CPU
		{BC14E4A3-D31B-4CB0-85C8-35E9DE014D04}.Release|Mixed Platforms.Build.0 = Release|Any CPU
		{8D0310E2-ADAE-4F4E-BE28-16FF8ACCC9B1}.Debug|.NET.ActiveCfg = Debug|Any CPU
		{8D0310E2-ADAE-4F4E-BE28-16FF8ACCC9B1}.Debug|Any CPU.ActiveCfg = Debug|Any CPU
		{8D0310E2-ADAE-4F4E-BE28-16FF8ACCC9B1}.Debug|Any CPU.Build.0 = Debug|Any CPU
		{8D0310E2-ADAE-4F4E-BE28-16FF8ACCC9B1}.Debug|Mixed Platforms.ActiveCfg = Debug|Any CPU
		{8D0310E2-ADAE-4F4E-BE28-16FF8ACCC9B1}.Debug|Mixed Platforms.Build.0 = Debug|Any CPU
		{8D0310E2-ADAE-4F4E-BE28-16FF8ACCC9B1}.Release|.NET.ActiveCfg = Release|Any CPU
		{8D0310E2-ADAE-4F4E-BE28-16FF8ACCC9B1}.Release|Any CPU.ActiveCfg = Release|Any CPU
		{8D0310E2-ADAE-4F4E-BE28-16FF8ACCC9B1}.Release|Any CPU.Build.0 = Release|Any CPU
		{8D0310E2-ADAE-4F4E-BE28-16FF8ACCC9B1}.Release|Mixed Platforms.ActiveCfg = Release|Any CPU
		{8D0310E2-ADAE-4F4E-BE28-16FF8ACCC9B1}.Release|Mixed Platforms.Build.0 = Release|Any CPU
		{18A3390D-BD40-4D9C-A2C0-43540921725D}.Debug|.NET.ActiveCfg = Debug|.NET
		{18A3390D-BD40-4D9C-A2C0-43540921725D}.Debug|.NET.Build.0 = Debug|.NET
		{18A3390D-BD40-4D9C-A2C0-43540921725D}.Debug|Any CPU.ActiveCfg = Debug|.NET
		{18A3390D-BD40-4D9C-A2C0-43540921725D}.Debug|Mixed Platforms.ActiveCfg = Debug|.NET
		{18A3390D-BD40-4D9C-A2C0-43540921725D}.Debug|Mixed Platforms.Build.0 = Debug|.NET
		{18A3390D-BD40-4D9C-A2C0-43540921725D}.Release|.NET.ActiveCfg = Debug|.NET
		{18A3390D-BD40-4D9C-A2C0-43540921725D}.Release|.NET.Build.0 = Debug|.NET
		{18A3390D-BD40-4D9C-A2C0-43540921725D}.Release|Any CPU.ActiveCfg = Debug|.NET
		{18A3390D-BD40-4D9C-A2C0-43540921725D}.Release|Mixed Platforms.ActiveCfg = Debug|.NET
		{18A3390D-BD40-4D9C-A2C0-43540921725D}.Release|Mixed Platforms.Build.0 = Debug|.NET
	EndGlobalSection
	GlobalSection(SolutionProperties) = preSolution
		HideSolutionNode = FALSE
	EndGlobalSection
EndGlobal
